
Microsoft Visual Studio Solution File, Format Version 12.00
# Visual Studio 14
VisualStudioVersion = 14.0.24720.0
MinimumVisualStudioVersion = 10.0.40219.1
Project("{8BC9CEB8-8B4A-11D0-8D11-00A0C91BC942}") = "LocalStorage", "LocalStorage.vcxproj", "{80081B0E-A4A3-4B41-94D8-60D2DF627A00}"
EndProject
Project("{8BC9CEB8-8B4A-11D0-8D11-00A0C91BC942}") = "Core", "LocalStorage\Core\Core.vcxproj", "{FF852574-6A0E-4F61-A893-8949A4D00C69}"
EndProject
Project("{2150E333-8FDC-42A3-9474-1A3956D46DE8}") = "Submodules", "Submodules", "{24A91D1A-7F9C-4FB3-AA0C-A0D401859831}"
EndProject
Project("{8BC9CEB8-8B4A-11D0-8D11-00A0C91BC942}") = "boost", "Submodules\boost\boost.vcxproj", "{ED831A98-257C-455D-930E-07446093A667}"
EndProject
Project("{8BC9CEB8-8B4A-11D0-8D11-00A0C91BC942}") = "DB", "LocalStorage\DB\DB.vcxproj", "{E4A6F2CD-9A49-4635-A926-5062C015B916}"
EndProject
Project("{2150E333-8FDC-42A3-9474-1A3956D46DE8}") = "Android", "Android", "{A9FAEB31-0822-4384-8131-13DB3C2FE080}"
EndProject
Project("{8BC9CEB8-8B4A-11D0-8D11-00A0C91BC942}") = "CoreAndroid", "Android\CoreAndroid\CoreAndroid.vcxproj", "{6F67E03D-33FA-4034-AFFF-A1A17EE42C81}"
EndProject
Project("{2150E333-8FDC-42A3-9474-1A3956D46DE8}") = "NativeActivity", "NativeActivity", "{C74C3419-38BD-4814-A20B-84A88E60CAAE}"
EndProject
Project("{39E2626F-3545-4960-A6E8-258AD8476CE5}") = "NativeActivity.Packaging", "Android\NativeActivity\NativeActivity.Packaging\NativeActivity.Packaging.androidproj", "{95B306BE-D7B3-46A8-972B-0882C08E1B8D}"
EndProject
Project("{8BC9CEB8-8B4A-11D0-8D11-00A0C91BC942}") = "NativeActivity.NativeActivity", "Android\NativeActivity\NativeActivity.NativeActivity\NativeActivity.NativeActivity.vcxproj", "{17D4C3EE-7039-40A6-B204-EBD91BA537D4}"
EndProject
Project("{8BC9CEB8-8B4A-11D0-8D11-00A0C91BC942}") = "boostAndroid", "Android\boost\boost.vcxproj", "{EE31E4C1-D899-428F-8389-4A20EB27D91C}"
EndProject
Global
	GlobalSection(SolutionConfigurationPlatforms) = preSolution
		Debug|ARM = Debug|ARM
		Debug|ARM64 = Debug|ARM64
		Debug|x64 = Debug|x64
		Debug|x86 = Debug|x86
		Release|ARM = Release|ARM
		Release|ARM64 = Release|ARM64
		Release|x64 = Release|x64
		Release|x86 = Release|x86
	EndGlobalSection
	GlobalSection(ProjectConfigurationPlatforms) = postSolution
		{80081B0E-A4A3-4B41-94D8-60D2DF627A00}.Debug|ARM.ActiveCfg = Debug|Win32
		{80081B0E-A4A3-4B41-94D8-60D2DF627A00}.Debug|ARM64.ActiveCfg = Debug|Win32
		{80081B0E-A4A3-4B41-94D8-60D2DF627A00}.Debug|x64.ActiveCfg = Debug|x64
		{80081B0E-A4A3-4B41-94D8-60D2DF627A00}.Debug|x64.Build.0 = Debug|x64
		{80081B0E-A4A3-4B41-94D8-60D2DF627A00}.Debug|x86.ActiveCfg = Debug|Win32
		{80081B0E-A4A3-4B41-94D8-60D2DF627A00}.Debug|x86.Build.0 = Debug|Win32
		{80081B0E-A4A3-4B41-94D8-60D2DF627A00}.Release|ARM.ActiveCfg = Release|Win32
		{80081B0E-A4A3-4B41-94D8-60D2DF627A00}.Release|ARM64.ActiveCfg = Release|Win32
		{80081B0E-A4A3-4B41-94D8-60D2DF627A00}.Release|x64.ActiveCfg = Release|x64
		{80081B0E-A4A3-4B41-94D8-60D2DF627A00}.Release|x64.Build.0 = Release|x64
		{80081B0E-A4A3-4B41-94D8-60D2DF627A00}.Release|x86.ActiveCfg = Release|Win32
		{80081B0E-A4A3-4B41-94D8-60D2DF627A00}.Release|x86.Build.0 = Release|Win32
		{FF852574-6A0E-4F61-A893-8949A4D00C69}.Debug|ARM.ActiveCfg = Debug|Win32
		{FF852574-6A0E-4F61-A893-8949A4D00C69}.Debug|ARM64.ActiveCfg = Debug|Win32
		{FF852574-6A0E-4F61-A893-8949A4D00C69}.Debug|x64.ActiveCfg = Debug|x64
		{FF852574-6A0E-4F61-A893-8949A4D00C69}.Debug|x64.Build.0 = Debug|x64
		{FF852574-6A0E-4F61-A893-8949A4D00C69}.Debug|x86.ActiveCfg = Debug|Win32
		{FF852574-6A0E-4F61-A893-8949A4D00C69}.Debug|x86.Build.0 = Debug|Win32
		{FF852574-6A0E-4F61-A893-8949A4D00C69}.Release|ARM.ActiveCfg = Release|Win32
		{FF852574-6A0E-4F61-A893-8949A4D00C69}.Release|ARM64.ActiveCfg = Release|Win32
		{FF852574-6A0E-4F61-A893-8949A4D00C69}.Release|x64.ActiveCfg = Release|x64
		{FF852574-6A0E-4F61-A893-8949A4D00C69}.Release|x64.Build.0 = Release|x64
		{FF852574-6A0E-4F61-A893-8949A4D00C69}.Release|x86.ActiveCfg = Release|Win32
		{FF852574-6A0E-4F61-A893-8949A4D00C69}.Release|x86.Build.0 = Release|Win32
		{ED831A98-257C-455D-930E-07446093A667}.Debug|ARM.ActiveCfg = Debug|Win32
		{ED831A98-257C-455D-930E-07446093A667}.Debug|ARM64.ActiveCfg = Debug|Win32
		{ED831A98-257C-455D-930E-07446093A667}.Debug|x64.ActiveCfg = Debug|x64
		{ED831A98-257C-455D-930E-07446093A667}.Debug|x64.Build.0 = Debug|x64
		{ED831A98-257C-455D-930E-07446093A667}.Debug|x86.ActiveCfg = Debug|Win32
		{ED831A98-257C-455D-930E-07446093A667}.Debug|x86.Build.0 = Debug|Win32
		{ED831A98-257C-455D-930E-07446093A667}.Release|ARM.ActiveCfg = Release|Win32
		{ED831A98-257C-455D-930E-07446093A667}.Release|ARM64.ActiveCfg = Release|Win32
		{ED831A98-257C-455D-930E-07446093A667}.Release|x64.ActiveCfg = Release|x64
		{ED831A98-257C-455D-930E-07446093A667}.Release|x64.Build.0 = Release|x64
		{ED831A98-257C-455D-930E-07446093A667}.Release|x86.ActiveCfg = Release|Win32
		{ED831A98-257C-455D-930E-07446093A667}.Release|x86.Build.0 = Release|Win32
		{E4A6F2CD-9A49-4635-A926-5062C015B916}.Debug|ARM.ActiveCfg = Debug|Win32
		{E4A6F2CD-9A49-4635-A926-5062C015B916}.Debug|ARM64.ActiveCfg = Debug|Win32
		{E4A6F2CD-9A49-4635-A926-5062C015B916}.Debug|x64.ActiveCfg = Debug|x64
		{E4A6F2CD-9A49-4635-A926-5062C015B916}.Debug|x64.Build.0 = Debug|x64
		{E4A6F2CD-9A49-4635-A926-5062C015B916}.Debug|x86.ActiveCfg = Debug|Win32
		{E4A6F2CD-9A49-4635-A926-5062C015B916}.Debug|x86.Build.0 = Debug|Win32
		{E4A6F2CD-9A49-4635-A926-5062C015B916}.Release|ARM.ActiveCfg = Release|Win32
		{E4A6F2CD-9A49-4635-A926-5062C015B916}.Release|ARM64.ActiveCfg = Release|Win32
		{E4A6F2CD-9A49-4635-A926-5062C015B916}.Release|x64.ActiveCfg = Release|x64
		{E4A6F2CD-9A49-4635-A926-5062C015B916}.Release|x64.Build.0 = Release|x64
		{E4A6F2CD-9A49-4635-A926-5062C015B916}.Release|x86.ActiveCfg = Release|Win32
		{E4A6F2CD-9A49-4635-A926-5062C015B916}.Release|x86.Build.0 = Release|Win32
		{6F67E03D-33FA-4034-AFFF-A1A17EE42C81}.Debug|ARM.ActiveCfg = Debug|ARM
		{6F67E03D-33FA-4034-AFFF-A1A17EE42C81}.Debug|ARM.Build.0 = Debug|ARM
		{6F67E03D-33FA-4034-AFFF-A1A17EE42C81}.Debug|ARM64.ActiveCfg = Debug|ARM64
		{6F67E03D-33FA-4034-AFFF-A1A17EE42C81}.Debug|ARM64.Build.0 = Debug|ARM64
		{6F67E03D-33FA-4034-AFFF-A1A17EE42C81}.Debug|x64.ActiveCfg = Debug|ARM
		{6F67E03D-33FA-4034-AFFF-A1A17EE42C81}.Debug|x86.ActiveCfg = Debug|x86
		{6F67E03D-33FA-4034-AFFF-A1A17EE42C81}.Debug|x86.Build.0 = Debug|x86
		{6F67E03D-33FA-4034-AFFF-A1A17EE42C81}.Release|ARM.ActiveCfg = Release|ARM
		{6F67E03D-33FA-4034-AFFF-A1A17EE42C81}.Release|ARM.Build.0 = Release|ARM
		{6F67E03D-33FA-4034-AFFF-A1A17EE42C81}.Release|ARM64.ActiveCfg = Release|ARM64
		{6F67E03D-33FA-4034-AFFF-A1A17EE42C81}.Release|ARM64.Build.0 = Release|ARM64
		{6F67E03D-33FA-4034-AFFF-A1A17EE42C81}.Release|x64.ActiveCfg = Release|x64
		{6F67E03D-33FA-4034-AFFF-A1A17EE42C81}.Release|x64.Build.0 = Release|x64
		{6F67E03D-33FA-4034-AFFF-A1A17EE42C81}.Release|x86.ActiveCfg = Release|x86
		{6F67E03D-33FA-4034-AFFF-A1A17EE42C81}.Release|x86.Build.0 = Release|x86
		{95B306BE-D7B3-46A8-972B-0882C08E1B8D}.Debug|ARM.ActiveCfg = Debug|ARM
		{95B306BE-D7B3-46A8-972B-0882C08E1B8D}.Debug|ARM.Build.0 = Debug|ARM
		{95B306BE-D7B3-46A8-972B-0882C08E1B8D}.Debug|ARM.Deploy.0 = Debug|ARM
		{95B306BE-D7B3-46A8-972B-0882C08E1B8D}.Debug|ARM64.ActiveCfg = Debug|ARM64
		{95B306BE-D7B3-46A8-972B-0882C08E1B8D}.Debug|ARM64.Build.0 = Debug|ARM64
		{95B306BE-D7B3-46A8-972B-0882C08E1B8D}.Debug|ARM64.Deploy.0 = Debug|ARM64
		{95B306BE-D7B3-46A8-972B-0882C08E1B8D}.Debug|x64.ActiveCfg = Debug|ARM
		{95B306BE-D7B3-46A8-972B-0882C08E1B8D}.Debug|x86.ActiveCfg = Debug|x86
		{95B306BE-D7B3-46A8-972B-0882C08E1B8D}.Debug|x86.Build.0 = Debug|x86
		{95B306BE-D7B3-46A8-972B-0882C08E1B8D}.Debug|x86.Deploy.0 = Debug|x86
		{95B306BE-D7B3-46A8-972B-0882C08E1B8D}.Release|ARM.ActiveCfg = Release|ARM
		{95B306BE-D7B3-46A8-972B-0882C08E1B8D}.Release|ARM.Build.0 = Release|ARM
		{95B306BE-D7B3-46A8-972B-0882C08E1B8D}.Release|ARM.Deploy.0 = Release|ARM
		{95B306BE-D7B3-46A8-972B-0882C08E1B8D}.Release|ARM64.ActiveCfg = Release|ARM64
		{95B306BE-D7B3-46A8-972B-0882C08E1B8D}.Release|ARM64.Build.0 = Release|ARM64
		{95B306BE-D7B3-46A8-972B-0882C08E1B8D}.Release|ARM64.Deploy.0 = Release|ARM64
		{95B306BE-D7B3-46A8-972B-0882C08E1B8D}.Release|x64.ActiveCfg = Release|x64
		{95B306BE-D7B3-46A8-972B-0882C08E1B8D}.Release|x64.Build.0 = Release|x64
		{95B306BE-D7B3-46A8-972B-0882C08E1B8D}.Release|x64.Deploy.0 = Release|x64
		{95B306BE-D7B3-46A8-972B-0882C08E1B8D}.Release|x86.ActiveCfg = Release|x86
		{95B306BE-D7B3-46A8-972B-0882C08E1B8D}.Release|x86.Build.0 = Release|x86
		{95B306BE-D7B3-46A8-972B-0882C08E1B8D}.Release|x86.Deploy.0 = Release|x86
		{17D4C3EE-7039-40A6-B204-EBD91BA537D4}.Debug|ARM.ActiveCfg = Debug|ARM
		{17D4C3EE-7039-40A6-B204-EBD91BA537D4}.Debug|ARM.Build.0 = Debug|ARM
		{17D4C3EE-7039-40A6-B204-EBD91BA537D4}.Debug|ARM64.ActiveCfg = Debug|ARM64
		{17D4C3EE-7039-40A6-B204-EBD91BA537D4}.Debug|ARM64.Build.0 = Debug|ARM64
		{17D4C3EE-7039-40A6-B204-EBD91BA537D4}.Debug|x64.ActiveCfg = Debug|ARM
		{17D4C3EE-7039-40A6-B204-EBD91BA537D4}.Debug|x86.ActiveCfg = Debug|x86
		{17D4C3EE-7039-40A6-B204-EBD91BA537D4}.Debug|x86.Build.0 = Debug|x86
		{17D4C3EE-7039-40A6-B204-EBD91BA537D4}.Release|ARM.ActiveCfg = Release|ARM
		{17D4C3EE-7039-40A6-B204-EBD91BA537D4}.Release|ARM.Build.0 = Release|ARM
		{17D4C3EE-7039-40A6-B204-EBD91BA537D4}.Release|ARM64.ActiveCfg = Release|ARM64
		{17D4C3EE-7039-40A6-B204-EBD91BA537D4}.Release|ARM64.Build.0 = Release|ARM64
		{17D4C3EE-7039-40A6-B204-EBD91BA537D4}.Release|x64.ActiveCfg = Release|x64
		{17D4C3EE-7039-40A6-B204-EBD91BA537D4}.Release|x64.Build.0 = Release|x64
		{17D4C3EE-7039-40A6-B204-EBD91BA537D4}.Release|x86.ActiveCfg = Release|x86
		{17D4C3EE-7039-40A6-B204-EBD91BA537D4}.Release|x86.Build.0 = Release|x86
		{EE31E4C1-D899-428F-8389-4A20EB27D91C}.Debug|ARM.ActiveCfg = Debug|ARM
		{EE31E4C1-D899-428F-8389-4A20EB27D91C}.Debug|ARM.Build.0 = Debug|ARM
		{EE31E4C1-D899-428F-8389-4A20EB27D91C}.Debug|ARM64.ActiveCfg = Debug|ARM64
		{EE31E4C1-D899-428F-8389-4A20EB27D91C}.Debug|ARM64.Build.0 = Debug|ARM64
		{EE31E4C1-D899-428F-8389-4A20EB27D91C}.Debug|x64.ActiveCfg = Debug|ARM
		{EE31E4C1-D899-428F-8389-4A20EB27D91C}.Debug|x86.ActiveCfg = Debug|x86
		{EE31E4C1-D899-428F-8389-4A20EB27D91C}.Debug|x86.Build.0 = Debug|x86
		{EE31E4C1-D899-428F-8389-4A20EB27D91C}.Release|ARM.ActiveCfg = Release|ARM
		{EE31E4C1-D899-428F-8389-4A20EB27D91C}.Release|ARM.Build.0 = Release|ARM
		{EE31E4C1-D899-428F-8389-4A20EB27D91C}.Release|ARM64.ActiveCfg = Release|ARM64
		{EE31E4C1-D899-428F-8389-4A20EB27D91C}.Release|ARM64.Build.0 = Release|ARM64
		{EE31E4C1-D899-428F-8389-4A20EB27D91C}.Release|x64.ActiveCfg = Release|x64
		{EE31E4C1-D899-428F-8389-4A20EB27D91C}.Release|x64.Build.0 = Release|x64
		{EE31E4C1-D899-428F-8389-4A20EB27D91C}.Release|x86.ActiveCfg = Release|x86
		{EE31E4C1-D899-428F-8389-4A20EB27D91C}.Release|x86.Build.0 = Release|x86
	EndGlobalSection
	GlobalSection(SolutionProperties) = preSolution
		HideSolutionNode = FALSE
	EndGlobalSection
	GlobalSection(NestedProjects) = preSolution
		{ED831A98-257C-455D-930E-07446093A667} = {24A91D1A-7F9C-4FB3-AA0C-A0D401859831}
		{6F67E03D-33FA-4034-AFFF-A1A17EE42C81} = {A9FAEB31-0822-4384-8131-13DB3C2FE080}
		{C74C3419-38BD-4814-A20B-84A88E60CAAE} = {A9FAEB31-0822-4384-8131-13DB3C2FE080}
		{95B306BE-D7B3-46A8-972B-0882C08E1B8D} = {C74C3419-38BD-4814-A20B-84A88E60CAAE}
		{17D4C3EE-7039-40A6-B204-EBD91BA537D4} = {C74C3419-38BD-4814-A20B-84A88E60CAAE}
		{EE31E4C1-D899-428F-8389-4A20EB27D91C} = {A9FAEB31-0822-4384-8131-13DB3C2FE080}
	EndGlobalSection
EndGlobal
