
Microsoft Visual Studio Solution File, Format Version 12.00
# Visual Studio 14
VisualStudioVersion = 14.0.23107.0
MinimumVisualStudioVersion = 10.0.40219.1
Project("{8BC9CEB8-8B4A-11D0-8D11-00A0C91BC942}") = "LocalStorage", "LocalStorage.vcxproj", "{80081B0E-A4A3-4B41-94D8-60D2DF627A00}"
EndProject
Project("{8BC9CEB8-8B4A-11D0-8D11-00A0C91BC942}") = "Core", "LocalStorage\Core\Core.vcxproj", "{FF852574-6A0E-4F61-A893-8949A4D00C69}"
EndProject
Project("{2150E333-8FDC-42A3-9474-1A3956D46DE8}") = "Submodules", "Submodules", "{24A91D1A-7F9C-4FB3-AA0C-A0D401859831}"
EndProject
Project("{8BC9CEB8-8B4A-11D0-8D11-00A0C91BC942}") = "boost", "Submodules\boost\boost.vcxproj", "{ED831A98-257C-455D-930E-07446093A667}"
EndProject
Project("{8BC9CEB8-8B4A-11D0-8D11-00A0C91BC942}") = "DB", "LocalStorage\DB\DB.vcxproj", "{E4A6F2CD-9A49-4635-A926-5062C015B916}"
EndProject
Global
	GlobalSection(SolutionConfigurationPlatforms) = preSolution
		Debug|x64 = Debug|x64
		Debug|x86 = Debug|x86
		Release|x64 = Release|x64
		Release|x86 = Release|x86
	EndGlobalSection
	GlobalSection(ProjectConfigurationPlatforms) = postSolution
		{80081B0E-A4A3-4B41-94D8-60D2DF627A00}.Debug|x64.ActiveCfg = Debug|x64
		{80081B0E-A4A3-4B41-94D8-60D2DF627A00}.Debug|x64.Build.0 = Debug|x64
		{80081B0E-A4A3-4B41-94D8-60D2DF627A00}.Debug|x86.ActiveCfg = Debug|Win32
		{80081B0E-A4A3-4B41-94D8-60D2DF627A00}.Debug|x86.Build.0 = Debug|Win32
		{80081B0E-A4A3-4B41-94D8-60D2DF627A00}.Release|x64.ActiveCfg = Release|x64
		{80081B0E-A4A3-4B41-94D8-60D2DF627A00}.Release|x64.Build.0 = Release|x64
		{80081B0E-A4A3-4B41-94D8-60D2DF627A00}.Release|x86.ActiveCfg = Release|Win32
		{80081B0E-A4A3-4B41-94D8-60D2DF627A00}.Release|x86.Build.0 = Release|Win32
		{FF852574-6A0E-4F61-A893-8949A4D00C69}.Debug|x64.ActiveCfg = Debug|x64
		{FF852574-6A0E-4F61-A893-8949A4D00C69}.Debug|x64.Build.0 = Debug|x64
		{FF852574-6A0E-4F61-A893-8949A4D00C69}.Debug|x86.ActiveCfg = Debug|Win32
		{FF852574-6A0E-4F61-A893-8949A4D00C69}.Debug|x86.Build.0 = Debug|Win32
		{FF852574-6A0E-4F61-A893-8949A4D00C69}.Release|x64.ActiveCfg = Release|x64
		{FF852574-6A0E-4F61-A893-8949A4D00C69}.Release|x64.Build.0 = Release|x64
		{FF852574-6A0E-4F61-A893-8949A4D00C69}.Release|x86.ActiveCfg = Release|Win32
		{FF852574-6A0E-4F61-A893-8949A4D00C69}.Release|x86.Build.0 = Release|Win32
		{ED831A98-257C-455D-930E-07446093A667}.Debug|x64.ActiveCfg = Debug|x64
		{ED831A98-257C-455D-930E-07446093A667}.Debug|x64.Build.0 = Debug|x64
		{ED831A98-257C-455D-930E-07446093A667}.Debug|x86.ActiveCfg = Debug|Win32
		{ED831A98-257C-455D-930E-07446093A667}.Debug|x86.Build.0 = Debug|Win32
		{ED831A98-257C-455D-930E-07446093A667}.Release|x64.ActiveCfg = Release|x64
		{ED831A98-257C-455D-930E-07446093A667}.Release|x64.Build.0 = Release|x64
		{ED831A98-257C-455D-930E-07446093A667}.Release|x86.ActiveCfg = Release|Win32
		{ED831A98-257C-455D-930E-07446093A667}.Release|x86.Build.0 = Release|Win32
		{E4A6F2CD-9A49-4635-A926-5062C015B916}.Debug|x64.ActiveCfg = Debug|x64
		{E4A6F2CD-9A49-4635-A926-5062C015B916}.Debug|x64.Build.0 = Debug|x64
		{E4A6F2CD-9A49-4635-A926-5062C015B916}.Debug|x86.ActiveCfg = Debug|Win32
		{E4A6F2CD-9A49-4635-A926-5062C015B916}.Debug|x86.Build.0 = Debug|Win32
		{E4A6F2CD-9A49-4635-A926-5062C015B916}.Release|x64.ActiveCfg = Release|x64
		{E4A6F2CD-9A49-4635-A926-5062C015B916}.Release|x64.Build.0 = Release|x64
		{E4A6F2CD-9A49-4635-A926-5062C015B916}.Release|x86.ActiveCfg = Release|Win32
		{E4A6F2CD-9A49-4635-A926-5062C015B916}.Release|x86.Build.0 = Release|Win32
	EndGlobalSection
	GlobalSection(SolutionProperties) = preSolution
		HideSolutionNode = FALSE
	EndGlobalSection
	GlobalSection(NestedProjects) = preSolution
		{ED831A98-257C-455D-930E-07446093A667} = {24A91D1A-7F9C-4FB3-AA0C-A0D401859831}
	EndGlobalSection
EndGlobal
