<?xml version="1.0" encoding="utf-8"?>
<Project ToolsVersion="4.0" xmlns="http://schemas.microsoft.com/developer/msbuild/2003">
  <ItemGroup>
    <Filter Include="Source Files">
      <UniqueIdentifier>{4FC737F1-C7A5-4376-A066-2A32D752A2FF}</UniqueIdentifier>
      <Extensions>cpp;c;cc;cxx;def;odl;idl;hpj;bat;asm;asmx</Extensions>
    </Filter>
    <Filter Include="Source Files\BTree">
      <UniqueIdentifier>{fbbe705e-c9f0-4e87-aec0-0f3d43562681}</UniqueIdentifier>
    </Filter>
  </ItemGroup>
  <ItemGroup>
    <ClInclude Include="DB\BTree\BTree.h">
      <Filter>Source Files\BTree</Filter>
    </ClInclude>
    <ClInclude Include="DB\DBPrecompiled.h">
      <Filter>Source Files</Filter>
    </ClInclude>
    <ClInclude Include="DB\BTree\NodeTag.h">
      <Filter>Source Files\BTree</Filter>
    </ClInclude>
    <ClInclude Include="DB\BTree\TreeDescription.h">
      <Filter>Source Files\BTree</Filter>
    </ClInclude>
    <ClInclude Include="DB\BTree\TreeError.h">
      <Filter>Source Files\BTree</Filter>
    </ClInclude>
    <ClInclude Include="DB\BTree\TreeMacro.h">
      <Filter>Source Files\BTree</Filter>
    </ClInclude>
  </ItemGroup>
  <ItemGroup>
    <ClCompile Include="DB\BTree\BTree.cpp">
      <Filter>Source Files\BTree</Filter>
    </ClCompile>
    <ClCompile Include="DB\DBPrecompiled.cpp">
      <Filter>Source Files</Filter>
    </ClCompile>
  </ItemGroup>
</Project>