// !$*UTF8*$!
{
	archiveVersion = 1;
	classes = {
	};
	objectVersion = 46;
	objects = {

/* Begin PBXContainerItemProxy section */
		291533611BD9AEC1006F44F7 /* PBXContainerItemProxy */ = {
			isa = PBXContainerItemProxy;
			containerPortal = 2915335D1BD9AEC1006F44F7 /* Core.xcodeproj */;
			proxyType = 2;
			remoteGlobalIDString = 2915334F1BD9AEC1006F44F7;
			remoteInfo = Core;
		};
		2915336E1BD9B15A006F44F7 /* PBXContainerItemProxy */ = {
			isa = PBXContainerItemProxy;
			containerPortal = 291533691BD9B15A006F44F7 /* Boost.xcodeproj */;
			proxyType = 2;
			remoteGlobalIDString = 2962E56E1B0DF71700FA6E0E;
			remoteInfo = "Boost ios";
		};
		291533701BD9B15A006F44F7 /* PBXContainerItemProxy */ = {
			isa = PBXContainerItemProxy;
			containerPortal = 291533691BD9B15A006F44F7 /* Boost.xcodeproj */;
			proxyType = 2;
			remoteGlobalIDString = 2962E5891B0DF73900FA6E0E;
			remoteInfo = "Boost osx";
		};
/* End PBXContainerItemProxy section */

/* Begin PBXCopyFilesBuildPhase section */
		2915333A1BD9AD19006F44F7 /* CopyFiles */ = {
			isa = PBXCopyFilesBuildPhase;
			buildActionMask = 2147483647;
			dstPath = /usr/share/man/man1/;
			dstSubfolderSpec = 0;
			files = (
			);
			runOnlyForDeploymentPostprocessing = 1;
		};
/* End PBXCopyFilesBuildPhase section */

/* Begin PBXFileReference section */
		2915333C1BD9AD19006F44F7 /* LocalStorage */ = {isa = PBXFileReference; explicitFileType = "compiled.mach-o.executable"; includeInIndex = 0; path = LocalStorage; sourceTree = BUILT_PRODUCTS_DIR; };
		2915335D1BD9AEC1006F44F7 /* Core.xcodeproj */ = {isa = PBXFileReference; lastKnownFileType = "wrapper.pb-project"; name = Core.xcodeproj; path = Core/Core.xcodeproj; sourceTree = "<group>"; };
		291533691BD9B15A006F44F7 /* Boost.xcodeproj */ = {isa = PBXFileReference; lastKnownFileType = "wrapper.pb-project"; name = Boost.xcodeproj; path = Submodules/boost/Boost.xcodeproj; sourceTree = "<group>"; };
/* End PBXFileReference section */

/* Begin PBXFrameworksBuildPhase section */
		291533391BD9AD19006F44F7 /* Frameworks */ = {
			isa = PBXFrameworksBuildPhase;
			buildActionMask = 2147483647;
			files = (
			);
			runOnlyForDeploymentPostprocessing = 0;
		};
/* End PBXFrameworksBuildPhase section */

/* Begin PBXGroup section */
		291533331BD9AD19006F44F7 = {
			isa = PBXGroup;
			children = (
				291533681BD9B104006F44F7 /* Submodules */,
				2915333E1BD9AD19006F44F7 /* LocalStorage */,
				2915333D1BD9AD19006F44F7 /* Products */,
			);
			sourceTree = "<group>";
		};
		2915333D1BD9AD19006F44F7 /* Products */ = {
			isa = PBXGroup;
			children = (
				2915333C1BD9AD19006F44F7 /* LocalStorage */,
			);
			name = Products;
			sourceTree = "<group>";
		};
		2915333E1BD9AD19006F44F7 /* LocalStorage */ = {
			isa = PBXGroup;
			children = (
				2915335D1BD9AEC1006F44F7 /* Core.xcodeproj */,
			);
			path = LocalStorage;
			sourceTree = "<group>";
		};
		2915335E1BD9AEC1006F44F7 /* Products */ = {
			isa = PBXGroup;
			children = (
				291533621BD9AEC1006F44F7 /* libCore.a */,
			);
			name = Products;
			sourceTree = "<group>";
		};
		291533681BD9B104006F44F7 /* Submodules */ = {
			isa = PBXGroup;
			children = (
				291533691BD9B15A006F44F7 /* Boost.xcodeproj */,
			);
			name = Submodules;
			sourceTree = "<group>";
		};
		2915336A1BD9B15A006F44F7 /* Products */ = {
			isa = PBXGroup;
			children = (
				2915336F1BD9B15A006F44F7 /* libBoost_ios.a */,
				291533711BD9B15A006F44F7 /* libBoost_osx.a */,
			);
			name = Products;
			sourceTree = "<group>";
		};
/* End PBXGroup section */

/* Begin PBXNativeTarget section */
		2915333B1BD9AD19006F44F7 /* LocalStorage */ = {
			isa = PBXNativeTarget;
			buildConfigurationList = 291533431BD9AD19006F44F7 /* Build configuration list for PBXNativeTarget "LocalStorage" */;
			buildPhases = (
				291533381BD9AD19006F44F7 /* Sources */,
				291533391BD9AD19006F44F7 /* Frameworks */,
				2915333A1BD9AD19006F44F7 /* CopyFiles */,
			);
			buildRules = (
			);
			dependencies = (
			);
			name = LocalStorage;
			productName = LocalStorage;
			productReference = 2915333C1BD9AD19006F44F7 /* LocalStorage */;
			productType = "com.apple.product-type.tool";
		};
/* End PBXNativeTarget section */

/* Begin PBXProject section */
		291533341BD9AD19006F44F7 /* Project object */ = {
			isa = PBXProject;
			attributes = {
				LastUpgradeCheck = 0710;
				ORGANIZATIONNAME = "Timur Losev";
				TargetAttributes = {
					2915333B1BD9AD19006F44F7 = {
						CreatedOnToolsVersion = 7.1;
					};
				};
			};
			buildConfigurationList = 291533371BD9AD19006F44F7 /* Build configuration list for PBXProject "LocalStorage" */;
			compatibilityVersion = "Xcode 3.2";
			developmentRegion = English;
			hasScannedForEncodings = 0;
			knownRegions = (
				en,
			);
			mainGroup = 291533331BD9AD19006F44F7;
			productRefGroup = 2915333D1BD9AD19006F44F7 /* Products */;
			projectDirPath = "";
			projectReferences = (
				{
					ProductGroup = 2915336A1BD9B15A006F44F7 /* Products */;
					ProjectRef = 291533691BD9B15A006F44F7 /* Boost.xcodeproj */;
				},
				{
					ProductGroup = 2915335E1BD9AEC1006F44F7 /* Products */;
					ProjectRef = 2915335D1BD9AEC1006F44F7 /* Core.xcodeproj */;
				},
			);
			projectRoot = "";
			targets = (
				2915333B1BD9AD19006F44F7 /* LocalStorage */,
			);
		};
/* End PBXProject section */

/* Begin PBXReferenceProxy section */
		291533621BD9AEC1006F44F7 /* libCore.a */ = {
			isa = PBXReferenceProxy;
			fileType = archive.ar;
			path = libCore.a;
			remoteRef = 291533611BD9AEC1006F44F7 /* PBXContainerItemProxy */;
			sourceTree = BUILT_PRODUCTS_DIR;
		};
		2915336F1BD9B15A006F44F7 /* libBoost_ios.a */ = {
			isa = PBXReferenceProxy;
			fileType = archive.ar;
			path = libBoost_ios.a;
			remoteRef = 2915336E1BD9B15A006F44F7 /* PBXContainerItemProxy */;
			sourceTree = BUILT_PRODUCTS_DIR;
		};
		291533711BD9B15A006F44F7 /* libBoost_osx.a */ = {
			isa = PBXReferenceProxy;
			fileType = archive.ar;
			path = libBoost_osx.a;
			remoteRef = 291533701BD9B15A006F44F7 /* PBXContainerItemProxy */;
			sourceTree = BUILT_PRODUCTS_DIR;
		};
/* End PBXReferenceProxy section */

/* Begin PBXSourcesBuildPhase section */
		291533381BD9AD19006F44F7 /* Sources */ = {
			isa = PBXSourcesBuildPhase;
			buildActionMask = 2147483647;
			files = (
			);
			runOnlyForDeploymentPostprocessing = 0;
		};
/* End PBXSourcesBuildPhase section */

/* Begin XCBuildConfiguration section */
		291533411BD9AD19006F44F7 /* Debug */ = {
			isa = XCBuildConfiguration;
			buildSettings = {
				ALWAYS_SEARCH_USER_PATHS = NO;
				CLANG_CXX_LANGUAGE_STANDARD = "gnu++0x";
				CLANG_CXX_LIBRARY = "libc++";
				CLANG_ENABLE_MODULES = YES;
				CLANG_ENABLE_OBJC_ARC = YES;
				CLANG_WARN_BOOL_CONVERSION = YES;
				CLANG_WARN_CONSTANT_CONVERSION = YES;
				CLANG_WARN_DIRECT_OBJC_ISA_USAGE = YES_ERROR;
				CLANG_WARN_EMPTY_BODY = YES;
				CLANG_WARN_ENUM_CONVERSION = YES;
				CLANG_WARN_INT_CONVERSION = YES;
				CLANG_WARN_OBJC_ROOT_CLASS = YES_ERROR;
				CLANG_WARN_UNREACHABLE_CODE = YES;
				CLANG_WARN__DUPLICATE_METHOD_MATCH = YES;
				CODE_SIGN_IDENTITY = "-";
				COPY_PHASE_STRIP = NO;
				DEBUG_INFORMATION_FORMAT = dwarf;
				ENABLE_STRICT_OBJC_MSGSEND = YES;
				ENABLE_TESTABILITY = YES;
				GCC_C_LANGUAGE_STANDARD = gnu99;
				GCC_DYNAMIC_NO_PIC = NO;
				GCC_NO_COMMON_BLOCKS = YES;
				GCC_OPTIMIZATION_LEVEL = 0;
				GCC_PREPROCESSOR_DEFINITIONS = (
					"DEBUG=1",
					"$(inherited)",
				);
				GCC_WARN_64_TO_32_BIT_CONVERSION = YES;
				GCC_WARN_ABOUT_RETURN_TYPE = YES_ERROR;
				GCC_WARN_UNDECLARED_SELECTOR = YES;
				GCC_WARN_UNINITIALIZED_AUTOS = YES_AGGRESSIVE;
				GCC_WARN_UNUSED_FUNCTION = YES;
				GCC_WARN_UNUSED_VARIABLE = YES;
				MACOSX_DEPLOYMENT_TARGET = 10.11;
				MTL_ENABLE_DEBUG_INFO = YES;
				ONLY_ACTIVE_ARCH = YES;
				SDKROOT = macosx;
			};
			name = Debug;
		};
		291533421BD9AD19006F44F7 /* Release */ = {
			isa = XCBuildConfiguration;
			buildSettings = {
				ALWAYS_SEARCH_USER_PATHS = NO;
				CLANG_CXX_LANGUAGE_STANDARD = "gnu++0x";
				CLANG_CXX_LIBRARY = "libc++";
				CLANG_ENABLE_MODULES = YES;
				CLANG_ENABLE_OBJC_ARC = YES;
				CLANG_WARN_BOOL_CONVERSION = YES;
				CLANG_WARN_CONSTANT_CONVERSION = YES;
				CLANG_WARN_DIRECT_OBJC_ISA_USAGE = YES_ERROR;
				CLANG_WARN_EMPTY_BODY = YES;
				CLANG_WARN_ENUM_CONVERSION = YES;
				CLANG_WARN_INT_CONVERSION = YES;
				CLANG_WARN_OBJC_ROOT_CLASS = YES_ERROR;
				CLANG_WARN_UNREACHABLE_CODE = YES;
				CLANG_WARN__DUPLICATE_METHOD_MATCH = YES;
				CODE_SIGN_IDENTITY = "-";
				COPY_PHASE_STRIP = NO;
				DEBUG_INFORMATION_FORMAT = "dwarf-with-dsym";
				ENABLE_NS_ASSERTIONS = NO;
				ENABLE_STRICT_OBJC_MSGSEND = YES;
				GCC_C_LANGUAGE_STANDARD = gnu99;
				GCC_NO_COMMON_BLOCKS = YES;
				GCC_WARN_64_TO_32_BIT_CONVERSION = YES;
				GCC_WARN_ABOUT_RETURN_TYPE = YES_ERROR;
				GCC_WARN_UNDECLARED_SELECTOR = YES;
				GCC_WARN_UNINITIALIZED_AUTOS = YES_AGGRESSIVE;
				GCC_WARN_UNUSED_FUNCTION = YES;
				GCC_WARN_UNUSED_VARIABLE = YES;
				MACOSX_DEPLOYMENT_TARGET = 10.11;
				MTL_ENABLE_DEBUG_INFO = NO;
				SDKROOT = macosx;
			};
			name = Release;
		};
		291533441BD9AD19006F44F7 /* Debug */ = {
			isa = XCBuildConfiguration;
			buildSettings = {
				PRODUCT_NAME = "$(TARGET_NAME)";
			};
			name = Debug;
		};
		291533451BD9AD19006F44F7 /* Release */ = {
			isa = XCBuildConfiguration;
			buildSettings = {
				PRODUCT_NAME = "$(TARGET_NAME)";
			};
			name = Release;
		};
/* End XCBuildConfiguration section */

/* Begin XCConfigurationList section */
		291533371BD9AD19006F44F7 /* Build configuration list for PBXProject "LocalStorage" */ = {
			isa = XCConfigurationList;
			buildConfigurations = (
				291533411BD9AD19006F44F7 /* Debug */,
				291533421BD9AD19006F44F7 /* Release */,
			);
			defaultConfigurationIsVisible = 0;
			defaultConfigurationName = Release;
		};
		291533431BD9AD19006F44F7 /* Build configuration list for PBXNativeTarget "LocalStorage" */ = {
			isa = XCConfigurationList;
			buildConfigurations = (
				291533441BD9AD19006F44F7 /* Debug */,
				291533451BD9AD19006F44F7 /* Release */,
			);
			defaultConfigurationIsVisible = 0;
			defaultConfigurationName = Release;
		};
/* End XCConfigurationList section */
	};
	rootObject = 291533341BD9AD19006F44F7 /* Project object */;
}
