<?xml version="1.0" encoding="utf-8"?>
<Project ToolsVersion="4.0" xmlns="http://schemas.microsoft.com/developer/msbuild/2003">
  <ItemGroup>
    <Filter Include="Source Files">
      <UniqueIdentifier>{4FC737F1-C7A5-4376-A066-2A32D752A2FF}</UniqueIdentifier>
      <Extensions>cpp;c;cc;cxx;def;odl;idl;hpj;bat;asm;asmx</Extensions>
    </Filter>
    <Filter Include="Source Files\Types">
      <UniqueIdentifier>{67fd6546-b419-43f8-85cd-21e283f2e353}</UniqueIdentifier>
    </Filter>
    <Filter Include="Source Files\Memory">
      <UniqueIdentifier>{e37e117f-768a-47e9-b986-49a01cf05940}</UniqueIdentifier>
    </Filter>
    <Filter Include="Source Files\AsyncOperation">
      <UniqueIdentifier>{697e0636-a62a-468f-a2aa-b9e90000e9a9}</UniqueIdentifier>
    </Filter>
    <Filter Include="Source Files\IO">
      <UniqueIdentifier>{40930d2b-c05a-4c32-a7eb-1d28d84d342f}</UniqueIdentifier>
    </Filter>
    <Filter Include="Source Files\Log">
      <UniqueIdentifier>{34b52a31-5001-438d-ba99-9a79b3c55745}</UniqueIdentifier>
    </Filter>
    <Filter Include="Source Files\Math">
      <UniqueIdentifier>{d107ffdf-95de-4156-a3b6-5f3b87184e4a}</UniqueIdentifier>
    </Filter>
  </ItemGroup>
  <ItemGroup>
    <ClCompile Include="Core\CorePrecompiled.cpp">
      <Filter>Source Files</Filter>
    </ClCompile>
    <ClCompile Include="Core\Memory\FGenericMemory.cpp">
      <Filter>Source Files\Memory</Filter>
    </ClCompile>
    <ClCompile Include="Core\Memory\FIOSMemory.cpp">
      <Filter>Source Files\Memory</Filter>
    </ClCompile>
    <ClCompile Include="Core\Memory\FMacMemory.cpp">
      <Filter>Source Files\Memory</Filter>
    </ClCompile>
    <ClCompile Include="Core\Memory\FMallocBinned.cpp">
      <Filter>Source Files\Memory</Filter>
    </ClCompile>
    <ClCompile Include="Core\Memory\FMallocTBB.cpp">
      <Filter>Source Files\Memory</Filter>
    </ClCompile>
    <ClCompile Include="Core\Memory\FAllocationsTracker.cpp">
      <Filter>Source Files\Memory</Filter>
    </ClCompile>
    <ClCompile Include="Core\AsyncOperation\FOperation.cpp">
      <Filter>Source Files\AsyncOperation</Filter>
    </ClCompile>
    <ClCompile Include="Core\AsyncOperation\FOperationQueue.cpp">
      <Filter>Source Files\AsyncOperation</Filter>
    </ClCompile>
    <ClCompile Include="Core\Memory\FMemory.cpp">
      <Filter>Source Files\Memory</Filter>
    </ClCompile>
    <ClCompile Include="Core\Memory\FWindowsMemory.cpp">
      <Filter>Source Files\Memory</Filter>
    </ClCompile>
    <ClCompile Include="Core\Log\FLoggerGeneric.cpp">
      <Filter>Source Files\Log</Filter>
    </ClCompile>
    <ClCompile Include="Core\FDebug.cpp">
      <Filter>Source Files</Filter>
    </ClCompile>
    <ClCompile Include="Core\IO\FIO.cpp">
      <Filter>Source Files\IO</Filter>
    </ClCompile>
    <ClCompile Include="Core\Math\FGenericMath.cpp">
      <Filter>Source Files\Math</Filter>
    </ClCompile>
  </ItemGroup>
  <ItemGroup>
    <ClInclude Include="Core\CorePrecompiled.h">
      <Filter>Source Files</Filter>
    </ClInclude>
    <ClInclude Include="Core\GNUAttributes.h">
      <Filter>Source Files</Filter>
    </ClInclude>
    <ClInclude Include="Core\LSCompileConfig.h">
      <Filter>Source Files</Filter>
    </ClInclude>
    <ClInclude Include="Core\MSVCAttributes.h">
      <Filter>Source Files</Filter>
    </ClInclude>
    <ClInclude Include="Core\LSPlatform.h">
      <Filter>Source Files</Filter>
    </ClInclude>
    <ClInclude Include="Core\LSStableHeaders.h">
      <Filter>Source Files</Filter>
    </ClInclude>
    <ClInclude Include="Core\LSBoostHeaders.h">
      <Filter>Source Files</Filter>
    </ClInclude>
    <ClInclude Include="Core\LSSharedPointer.h">
      <Filter>Source Files</Filter>
    </ClInclude>
    <ClInclude Include="Core\Types\FArray.h">
      <Filter>Source Files\Types</Filter>
    </ClInclude>
    <ClInclude Include="Core\Types\FDeque.h">
      <Filter>Source Files\Types</Filter>
    </ClInclude>
    <ClInclude Include="Core\Types\FHashSet.h">
      <Filter>Source Files\Types</Filter>
    </ClInclude>
    <ClInclude Include="Core\Types\FHashTable.h">
      <Filter>Source Files\Types</Filter>
    </ClInclude>
    <ClInclude Include="Core\Types\FList.h">
      <Filter>Source Files\Types</Filter>
    </ClInclude>
    <ClInclude Include="Core\Types\FMap.h">
      <Filter>Source Files\Types</Filter>
    </ClInclude>
    <ClInclude Include="Core\Types\FStaticArray.h">
      <Filter>Source Files\Types</Filter>
    </ClInclude>
    <ClInclude Include="Core\Types\FString.h">
      <Filter>Source Files\Types</Filter>
    </ClInclude>
    <ClInclude Include="Core\Types\FTypeTraits.h">
      <Filter>Source Files\Types</Filter>
    </ClInclude>
    <ClInclude Include="Core\Types\FTLAllocator.h">
      <Filter>Source Files\Types</Filter>
    </ClInclude>
    <ClInclude Include="Core\Memory\FGenericMemory.h">
      <Filter>Source Files\Memory</Filter>
    </ClInclude>
    <ClInclude Include="Core\Memory\FIOSMemory.h">
      <Filter>Source Files\Memory</Filter>
    </ClInclude>
    <ClInclude Include="Core\Memory\FMacMemory.h">
      <Filter>Source Files\Memory</Filter>
    </ClInclude>
    <ClInclude Include="Core\Memory\FMallocAnsi.h">
      <Filter>Source Files\Memory</Filter>
    </ClInclude>
    <ClInclude Include="Core\Memory\FMallocBinned.h">
      <Filter>Source Files\Memory</Filter>
    </ClInclude>
    <ClInclude Include="Core\Memory\FMallocTBB.h">
      <Filter>Source Files\Memory</Filter>
    </ClInclude>
    <ClInclude Include="Core\Memory\FAllocationsTracker.h">
      <Filter>Source Files\Memory</Filter>
    </ClInclude>
    <ClInclude Include="Core\AsyncOperation\FOperation.h">
      <Filter>Source Files\AsyncOperation</Filter>
    </ClInclude>
    <ClInclude Include="Core\AsyncOperation\FOperationQueue.h">
      <Filter>Source Files\AsyncOperation</Filter>
    </ClInclude>
    <ClInclude Include="Core\Memory\FMemory.h">
      <Filter>Source Files\Memory</Filter>
    </ClInclude>
    <ClInclude Include="Core\Memory\FMemoryBase.h">
      <Filter>Source Files\Memory</Filter>
    </ClInclude>
    <ClInclude Include="Core\Memory\FWindowsMemory.h">
      <Filter>Source Files\Memory</Filter>
    </ClInclude>
    <ClInclude Include="Core\Log\FLoggerGeneric.h">
      <Filter>Source Files\Log</Filter>
    </ClInclude>
    <ClInclude Include="Core\Log\FLogger.h">
      <Filter>Source Files\Log</Filter>
    </ClInclude>
    <ClInclude Include="Core\IO\FIO.h">
      <Filter>Source Files\IO</Filter>
    </ClInclude>
    <ClInclude Include="Core\FMisc.h">
      <Filter>Source Files</Filter>
    </ClInclude>
    <ClInclude Include="Core\FDebug.h">
      <Filter>Source Files</Filter>
    </ClInclude>
    <ClInclude Include="Core\Log\FLogLevel.h">
      <Filter>Source Files\Log</Filter>
    </ClInclude>
    <ClInclude Include="Core\Math\FGenericMath.h">
      <Filter>Source Files\Math</Filter>
    </ClInclude>
    <ClInclude Include="Core\CoreHeaders.h">
      <Filter>Source Files</Filter>
    </ClInclude>
  </ItemGroup>
</Project>